
Microsoft Visual Studio Solution File, Format Version 12.00
# Visual Studio 15
Project("{FAE04EC0-301F-11D3-BF4B-00C04F79EFBC}") = "ET.MemoryPack", "ET.MemoryPack.csproj", "{57AFA6EE-4EF2-6789-7089-EB6D6D679F3C}"
EndProject
Project("{FAE04EC0-301F-11D3-BF4B-00C04F79EFBC}") = "ET.HybridCLR.Editor", "ET.HybridCLR.Editor.csproj", "{4EBA4411-3CAC-69BD-D576-F3A4ACAA7715}"
EndProject
Project("{FAE04EC0-301F-11D3-BF4B-00C04F79EFBC}") = "ET.Core.Editor", "ET.Core.Editor.csproj", "{29A28EBA-138F-8B92-A2D1-74FB8BEBCFE4}"
EndProject
Project("{FAE04EC0-301F-11D3-BF4B-00C04F79EFBC}") = "UnityUIExtensions.examples", "UnityUIExtensions.examples.csproj", "{FDF5224B-C0D5-7EFA-34AB-0CC6EF5879FE}"
EndProject
Project("{FAE04EC0-301F-11D3-BF4B-00C04F79EFBC}") = "UnityUIExtensions", "UnityUIExtensions.csproj", "{D73C6C33-5C80-2EB0-276D-4C7B6ECB9B79}"
EndProject
Project("{FAE04EC0-301F-11D3-BF4B-00C04F79EFBC}") = "ET.Loader.Editor", "ET.Loader.Editor.csproj", "{92569F37-B62A-D398-9739-507A7D850837}"
EndProject
Project("{FAE04EC0-301F-11D3-BF4B-00C04F79EFBC}") = "ET.YooAssets.Editor", "ET.YooAssets.Editor.csproj", "{15607CA7-0D26-0E25-9364-6405DA9023A5}"
EndProject
Project("{FAE04EC0-301F-11D3-BF4B-00C04F79EFBC}") = "ET.Core", "ET.Core.csproj", "{FC566DB9-A433-9246-FE2D-09B50B269228}"
EndProject
Project("{FAE04EC0-301F-11D3-BF4B-00C04F79EFBC}") = "ET.YooAssets", "ET.YooAssets.csproj", "{1FDB9325-133C-0707-131F-A9F88B81B33B}"
EndProject
Project("{FAE04EC0-301F-11D3-BF4B-00C04F79EFBC}") = "ET.HybridCLR", "ET.HybridCLR.csproj", "{13856A8D-C3C1-E6F3-57BC-78AE8CE9E2CE}"
EndProject
Project("{FAE04EC0-301F-11D3-BF4B-00C04F79EFBC}") = "Artees.SemanticVersioning", "Artees.SemanticVersioning.csproj", "{618BF320-6F64-5616-2451-3C65047E56ED}"
EndProject
Project("{FAE04EC0-301F-11D3-BF4B-00C04F79EFBC}") = "ET.Loader", "ET.Loader.csproj", "{1FB3C1A7-4F81-FED7-179D-0BB55124E170}"
EndProject
Project("{FAE04EC0-301F-11D3-BF4B-00C04F79EFBC}") = "Unity.Rider.Editor", "Unity.Rider.Editor.csproj", "{419827D5-9897-3B5A-A70B-4D18C188B73E}"
EndProject
Project("{FAE04EC0-301F-11D3-BF4B-00C04F79EFBC}") = "UnityUIExtensions.editor", "UnityUIExtensions.editor.csproj", "{5E7F6751-7B39-2FA0-3019-7FF6233A0E3C}"
EndProject
Project("{FAE04EC0-301F-11D3-BF4B-00C04F79EFBC}") = "ET.ReferenceCollector", "ET.ReferenceCollector.csproj", "{80A19623-841F-E7B7-0CC8-1BFF49BCB097}"
EndProject
Project("{FAE04EC0-301F-11D3-BF4B-00C04F79EFBC}") = "ET.Init.Editor", "ET.Init.Editor.csproj", "{E39B03ED-6CC4-7EAB-DE66-C552782D5363}"
EndProject
Project("{FAE04EC0-301F-11D3-BF4B-00C04F79EFBC}") = "ET.ReferenceCollector.Editor", "ET.ReferenceCollector.Editor.csproj", "{4EFE56CA-8C15-85E2-A096-C25CAA2D70C4}"
EndProject
Project("{FAE04EC0-301F-11D3-BF4B-00C04F79EFBC}") = "Halodi.PackageRegistryManager.Editor", "Halodi.PackageRegistryManager.Editor.csproj", "{109A1208-184D-E969-C643-2EF88B17D696}"
EndProject
Project("{FAE04EC0-301F-11D3-BF4B-00C04F79EFBC}") = "ET.SourceGeneratorAttribute", "ET.SourceGeneratorAttribute.csproj", "{0DEBEBDF-FF43-A850-284A-6D7B9B55DD2E}"
EndProject
Project("{FAE04EC0-301F-11D3-BF4B-00C04F79EFBC}") = "Halodi.PackageRegistryManager.Tests", "Halodi.PackageRegistryManager.Tests.csproj", "{DEF0907B-3438-5BF9-E4BD-BC4C8BC66D39}"
EndProject
Global
	GlobalSection(SolutionConfigurationPlatforms) = preSolution
		Debug|Any CPU = Debug|Any CPU
		Release|Any CPU = Release|Any CPU
	EndGlobalSection
	GlobalSection(ProjectConfigurationPlatforms) = postSolution
		{57AFA6EE-4EF2-6789-7089-EB6D6D679F3C}.Debug|Any CPU.ActiveCfg = Debug|Any CPU
		{57AFA6EE-4EF2-6789-7089-EB6D6D679F3C}.Debug|Any CPU.Build.0 = Debug|Any CPU
		{57AFA6EE-4EF2-6789-7089-EB6D6D679F3C}.Release|Any CPU.ActiveCfg = Release|Any CPU
		{57AFA6EE-4EF2-6789-7089-EB6D6D679F3C}.Release|Any CPU.Build.0 = Release|Any CPU
		{4EBA4411-3CAC-69BD-D576-F3A4ACAA7715}.Debug|Any CPU.ActiveCfg = Debug|Any CPU
		{4EBA4411-3CAC-69BD-D576-F3A4ACAA7715}.Debug|Any CPU.Build.0 = Debug|Any CPU
		{4EBA4411-3CAC-69BD-D576-F3A4ACAA7715}.Release|Any CPU.ActiveCfg = Release|Any CPU
		{4EBA4411-3CAC-69BD-D576-F3A4ACAA7715}.Release|Any CPU.Build.0 = Release|Any CPU
		{29A28EBA-138F-8B92-A2D1-74FB8BEBCFE4}.Debug|Any CPU.ActiveCfg = Debug|Any CPU
		{29A28EBA-138F-8B92-A2D1-74FB8BEBCFE4}.Debug|Any CPU.Build.0 = Debug|Any CPU
		{29A28EBA-138F-8B92-A2D1-74FB8BEBCFE4}.Release|Any CPU.ActiveCfg = Release|Any CPU
		{29A28EBA-138F-8B92-A2D1-74FB8BEBCFE4}.Release|Any CPU.Build.0 = Release|Any CPU
		{FDF5224B-C0D5-7EFA-34AB-0CC6EF5879FE}.Debug|Any CPU.ActiveCfg = Debug|Any CPU
		{FDF5224B-C0D5-7EFA-34AB-0CC6EF5879FE}.Debug|Any CPU.Build.0 = Debug|Any CPU
		{FDF5224B-C0D5-7EFA-34AB-0CC6EF5879FE}.Release|Any CPU.ActiveCfg = Release|Any CPU
		{FDF5224B-C0D5-7EFA-34AB-0CC6EF5879FE}.Release|Any CPU.Build.0 = Release|Any CPU
		{D73C6C33-5C80-2EB0-276D-4C7B6ECB9B79}.Debug|Any CPU.ActiveCfg = Debug|Any CPU
		{D73C6C33-5C80-2EB0-276D-4C7B6ECB9B79}.Debug|Any CPU.Build.0 = Debug|Any CPU
		{D73C6C33-5C80-2EB0-276D-4C7B6ECB9B79}.Release|Any CPU.ActiveCfg = Release|Any CPU
		{D73C6C33-5C80-2EB0-276D-4C7B6ECB9B79}.Release|Any CPU.Build.0 = Release|Any CPU
		{92569F37-B62A-D398-9739-507A7D850837}.Debug|Any CPU.ActiveCfg = Debug|Any CPU
		{92569F37-B62A-D398-9739-507A7D850837}.Debug|Any CPU.Build.0 = Debug|Any CPU
		{92569F37-B62A-D398-9739-507A7D850837}.Release|Any CPU.ActiveCfg = Release|Any CPU
		{92569F37-B62A-D398-9739-507A7D850837}.Release|Any CPU.Build.0 = Release|Any CPU
		{15607CA7-0D26-0E25-9364-6405DA9023A5}.Debug|Any CPU.ActiveCfg = Debug|Any CPU
		{15607CA7-0D26-0E25-9364-6405DA9023A5}.Debug|Any CPU.Build.0 = Debug|Any CPU
		{15607CA7-0D26-0E25-9364-6405DA9023A5}.Release|Any CPU.ActiveCfg = Release|Any CPU
		{15607CA7-0D26-0E25-9364-6405DA9023A5}.Release|Any CPU.Build.0 = Release|Any CPU
		{FC566DB9-A433-9246-FE2D-09B50B269228}.Debug|Any CPU.ActiveCfg = Debug|Any CPU
		{FC566DB9-A433-9246-FE2D-09B50B269228}.Debug|Any CPU.Build.0 = Debug|Any CPU
		{FC566DB9-A433-9246-FE2D-09B50B269228}.Release|Any CPU.ActiveCfg = Release|Any CPU
		{FC566DB9-A433-9246-FE2D-09B50B269228}.Release|Any CPU.Build.0 = Release|Any CPU
		{1FDB9325-133C-0707-131F-A9F88B81B33B}.Debug|Any CPU.ActiveCfg = Debug|Any CPU
		{1FDB9325-133C-0707-131F-A9F88B81B33B}.Debug|Any CPU.Build.0 = Debug|Any CPU
		{1FDB9325-133C-0707-131F-A9F88B81B33B}.Release|Any CPU.ActiveCfg = Release|Any CPU
		{1FDB9325-133C-0707-131F-A9F88B81B33B}.Release|Any CPU.Build.0 = Release|Any CPU
		{13856A8D-C3C1-E6F3-57BC-78AE8CE9E2CE}.Debug|Any CPU.ActiveCfg = Debug|Any CPU
		{13856A8D-C3C1-E6F3-57BC-78AE8CE9E2CE}.Debug|Any CPU.Build.0 = Debug|Any CPU
		{13856A8D-C3C1-E6F3-57BC-78AE8CE9E2CE}.Release|Any CPU.ActiveCfg = Release|Any CPU
		{13856A8D-C3C1-E6F3-57BC-78AE8CE9E2CE}.Release|Any CPU.Build.0 = Release|Any CPU
		{618BF320-6F64-5616-2451-3C65047E56ED}.Debug|Any CPU.ActiveCfg = Debug|Any CPU
		{618BF320-6F64-5616-2451-3C65047E56ED}.Debug|Any CPU.Build.0 = Debug|Any CPU
		{618BF320-6F64-5616-2451-3C65047E56ED}.Release|Any CPU.ActiveCfg = Release|Any CPU
		{618BF320-6F64-5616-2451-3C65047E56ED}.Release|Any CPU.Build.0 = Release|Any CPU
		{1FB3C1A7-4F81-FED7-179D-0BB55124E170}.Debug|Any CPU.ActiveCfg = Debug|Any CPU
		{1FB3C1A7-4F81-FED7-179D-0BB55124E170}.Debug|Any CPU.Build.0 = Debug|Any CPU
		{1FB3C1A7-4F81-FED7-179D-0BB55124E170}.Release|Any CPU.ActiveCfg = Release|Any CPU
		{1FB3C1A7-4F81-FED7-179D-0BB55124E170}.Release|Any CPU.Build.0 = Release|Any CPU
		{419827D5-9897-3B5A-A70B-4D18C188B73E}.Debug|Any CPU.ActiveCfg = Debug|Any CPU
		{419827D5-9897-3B5A-A70B-4D18C188B73E}.Debug|Any CPU.Build.0 = Debug|Any CPU
		{419827D5-9897-3B5A-A70B-4D18C188B73E}.Release|Any CPU.ActiveCfg = Release|Any CPU
		{419827D5-9897-3B5A-A70B-4D18C188B73E}.Release|Any CPU.Build.0 = Release|Any CPU
		{5E7F6751-7B39-2FA0-3019-7FF6233A0E3C}.Debug|Any CPU.ActiveCfg = Debug|Any CPU
		{5E7F6751-7B39-2FA0-3019-7FF6233A0E3C}.Debug|Any CPU.Build.0 = Debug|Any CPU
		{5E7F6751-7B39-2FA0-3019-7FF6233A0E3C}.Release|Any CPU.ActiveCfg = Release|Any CPU
		{5E7F6751-7B39-2FA0-3019-7FF6233A0E3C}.Release|Any CPU.Build.0 = Release|Any CPU
		{80A19623-841F-E7B7-0CC8-1BFF49BCB097}.Debug|Any CPU.ActiveCfg = Debug|Any CPU
		{80A19623-841F-E7B7-0CC8-1BFF49BCB097}.Debug|Any CPU.Build.0 = Debug|Any CPU
		{80A19623-841F-E7B7-0CC8-1BFF49BCB097}.Release|Any CPU.ActiveCfg = Release|Any CPU
		{80A19623-841F-E7B7-0CC8-1BFF49BCB097}.Release|Any CPU.Build.0 = Release|Any CPU
		{E39B03ED-6CC4-7EAB-DE66-C552782D5363}.Debug|Any CPU.ActiveCfg = Debug|Any CPU
		{E39B03ED-6CC4-7EAB-DE66-C552782D5363}.Debug|Any CPU.Build.0 = Debug|Any CPU
		{E39B03ED-6CC4-7EAB-DE66-C552782D5363}.Release|Any CPU.ActiveCfg = Release|Any CPU
		{E39B03ED-6CC4-7EAB-DE66-C552782D5363}.Release|Any CPU.Build.0 = Release|Any CPU
		{4EFE56CA-8C15-85E2-A096-C25CAA2D70C4}.Debug|Any CPU.ActiveCfg = Debug|Any CPU
		{4EFE56CA-8C15-85E2-A096-C25CAA2D70C4}.Debug|Any CPU.Build.0 = Debug|Any CPU
		{4EFE56CA-8C15-85E2-A096-C25CAA2D70C4}.Release|Any CPU.ActiveCfg = Release|Any CPU
		{4EFE56CA-8C15-85E2-A096-C25CAA2D70C4}.Release|Any CPU.Build.0 = Release|Any CPU
		{109A1208-184D-E969-C643-2EF88B17D696}.Debug|Any CPU.ActiveCfg = Debug|Any CPU
		{109A1208-184D-E969-C643-2EF88B17D696}.Debug|Any CPU.Build.0 = Debug|Any CPU
		{109A1208-184D-E969-C643-2EF88B17D696}.Release|Any CPU.ActiveCfg = Release|Any CPU
		{109A1208-184D-E969-C643-2EF88B17D696}.Release|Any CPU.Build.0 = Release|Any CPU
		{0DEBEBDF-FF43-A850-284A-6D7B9B55DD2E}.Debug|Any CPU.ActiveCfg = Debug|Any CPU
		{0DEBEBDF-FF43-A850-284A-6D7B9B55DD2E}.Debug|Any CPU.Build.0 = Debug|Any CPU
		{0DEBEBDF-FF43-A850-284A-6D7B9B55DD2E}.Release|Any CPU.ActiveCfg = Release|Any CPU
		{0DEBEBDF-FF43-A850-284A-6D7B9B55DD2E}.Release|Any CPU.Build.0 = Release|Any CPU
		{DEF0907B-3438-5BF9-E4BD-BC4C8BC66D39}.Debug|Any CPU.ActiveCfg = Debug|Any CPU
		{DEF0907B-3438-5BF9-E4BD-BC4C8BC66D39}.Debug|Any CPU.Build.0 = Debug|Any CPU
		{DEF0907B-3438-5BF9-E4BD-BC4C8BC66D39}.Release|Any CPU.ActiveCfg = Release|Any CPU
		{DEF0907B-3438-5BF9-E4BD-BC4C8BC66D39}.Release|Any CPU.Build.0 = Release|Any CPU
	EndGlobalSection
	GlobalSection(SolutionProperties) = preSolution
		HideSolutionNode = FALSE
	EndGlobalSection
EndGlobal
